
Microsoft Visual Studio Solution File, Format Version 12.00
# Visual Studio Version 17
VisualStudioVersion = 17.3.32804.467
MinimumVisualStudioVersion = 10.0.40219.1
Project("{9A19103F-16F7-4668-BE54-9A1E7A4F7556}") = "BlazingApple.Google", "..\..\src\BlazingApple.Google\BlazingApple.Google\BlazingApple.Google.csproj", "{AC373A1B-29B5-40CB-A187-13E50BC0B7B1}"
EndProject
Project("{9A19103F-16F7-4668-BE54-9A1E7A4F7556}") = "BlazingAppleConsumer.GoogleServerless", "BlazingAppleConsumer.GoogleServerless\BlazingAppleConsumer.GoogleServerless.csproj", "{FC3CC64B-100A-489C-85CF-2B4A9F4603A1}"
EndProject
Global
	GlobalSection(SolutionConfigurationPlatforms) = preSolution
		Debug|Any CPU = Debug|Any CPU
		Release|Any CPU = Release|Any CPU
	EndGlobalSection
	GlobalSection(ProjectConfigurationPlatforms) = postSolution
		{AC373A1B-29B5-40CB-A187-13E50BC0B7B1}.Debug|Any CPU.ActiveCfg = Debug|Any CPU
		{AC373A1B-29B5-40CB-A187-13E50BC0B7B1}.Debug|Any CPU.Build.0 = Debug|Any CPU
		{AC373A1B-29B5-40CB-A187-13E50BC0B7B1}.Release|Any CPU.ActiveCfg = Release|Any CPU
		{AC373A1B-29B5-40CB-A187-13E50BC0B7B1}.Release|Any CPU.Build.0 = Release|Any CPU
		{FC3CC64B-100A-489C-85CF-2B4A9F4603A1}.Debug|Any CPU.ActiveCfg = Debug|Any CPU
		{FC3CC64B-100A-489C-85CF-2B4A9F4603A1}.Debug|Any CPU.Build.0 = Debug|Any CPU
		{FC3CC64B-100A-489C-85CF-2B4A9F4603A1}.Release|Any CPU.ActiveCfg = Release|Any CPU
		{FC3CC64B-100A-489C-85CF-2B4A9F4603A1}.Release|Any CPU.Build.0 = Release|Any CPU
	EndGlobalSection
	GlobalSection(SolutionProperties) = preSolution
		HideSolutionNode = FALSE
	EndGlobalSection
	GlobalSection(ExtensibilityGlobals) = postSolution
		SolutionGuid = {0329833B-91CC-4B35-B805-D7F969C2D719}
	EndGlobalSection
EndGlobal
